<?xml version="1.0" encoding="utf-8"?>
<Project ToolsVersion="4.0" xmlns="http://schemas.microsoft.com/developer/msbuild/2003">
  <ItemGroup>
    <ClInclude Include="BaseType.hpp">
      <Filter>ヘッダーファイル</Filter>
    </ClInclude>
    <ClInclude Include="BaseUtility.hpp">
      <Filter>ヘッダーファイル</Filter>
    </ClInclude>
    <ClInclude Include="Error.hpp">
      <Filter>ヘッダーファイル</Filter>
    </ClInclude>
    <ClInclude Include="Input.hpp">
      <Filter>ヘッダーファイル</Filter>
    </ClInclude>
    <ClInclude Include="System.hpp">
      <Filter>ヘッダーファイル</Filter>
    </ClInclude>
    <ClInclude Include="Wawl.hpp">
      <Filter>ヘッダーファイル</Filter>
    </ClInclude>
    <ClInclude Include="WawlBase.hpp">
      <Filter>ヘッダーファイル</Filter>
    </ClInclude>
    <ClInclude Include="Debug.hpp">
      <Filter>ヘッダーファイル\FileSystem</Filter>
    </ClInclude>
    <ClInclude Include="FileSystem.hpp">
      <Filter>ヘッダーファイル\FileSystem</Filter>
    </ClInclude>
    <ClInclude Include="Console.hpp">
      <Filter>ヘッダーファイル\FileSystem\Console</Filter>
    </ClInclude>
    <ClInclude Include="ConsoleBaseType.hpp">
      <Filter>ヘッダーファイル\FileSystem\Console</Filter>
    </ClInclude>
    <ClInclude Include="File.hpp">
      <Filter>ヘッダーファイル\FileSystem\File</Filter>
    </ClInclude>
    <ClInclude Include="FileBaseType.hpp">
      <Filter>ヘッダーファイル\FileSystem\File</Filter>
    </ClInclude>
    <ClInclude Include="Bitmap.hpp">
      <Filter>ヘッダーファイル\Window\Bitmap</Filter>
    </ClInclude>
    <ClInclude Include="BitmapBaseType.hpp">
      <Filter>ヘッダーファイル\Window\Bitmap</Filter>
    </ClInclude>
    <ClInclude Include="Cursor.hpp">
      <Filter>ヘッダーファイル\Window\Cursor</Filter>
    </ClInclude>
    <ClInclude Include="CursorBaseType.hpp">
      <Filter>ヘッダーファイル\Window\Cursor</Filter>
    </ClInclude>
    <ClInclude Include="Icon.hpp">
      <Filter>ヘッダーファイル\Window\Icon</Filter>
    </ClInclude>
    <ClInclude Include="IconBaseType.hpp">
      <Filter>ヘッダーファイル\Window\Icon</Filter>
    </ClInclude>
    <ClInclude Include="Menu.hpp">
      <Filter>ヘッダーファイル\Window\Menu</Filter>
    </ClInclude>
    <ClInclude Include="MenuBaseType.hpp">
      <Filter>ヘッダーファイル\Window\Menu</Filter>
    </ClInclude>
    <ClInclude Include="MessageBox.hpp">
      <Filter>ヘッダーファイル\Window</Filter>
    </ClInclude>
    <ClInclude Include="Window.hpp">
      <Filter>ヘッダーファイル\Window</Filter>
    </ClInclude>
    <ClInclude Include="WindowBaseType.hpp">
      <Filter>ヘッダーファイル\Window</Filter>
    </ClInclude>
    <ClInclude Include="Pipe.hpp">
      <Filter>ヘッダーファイル\FileSystem</Filter>
    </ClInclude>
    <ClInclude Include="Process.hpp">
      <Filter>ヘッダーファイル\FileSystem\Process</Filter>
    </ClInclude>
    <ClInclude Include="ProcessBaseType.hpp">
      <Filter>ヘッダーファイル\FileSystem\Process</Filter>
    </ClInclude>
    <ClInclude Include="Region.hpp">
      <Filter>ヘッダーファイル\Window\Region</Filter>
    </ClInclude>
    <ClInclude Include="RegionBaseType.hpp">
      <Filter>ヘッダーファイル\Window\Region</Filter>
    </ClInclude>
    <ClInclude Include="SecurityObjects.hpp">
      <Filter>ヘッダーファイル\FileSystem\File</Filter>
    </ClInclude>
  </ItemGroup>
  <ItemGroup>
    <None Include="..\license">
      <Filter>リソースファイル</Filter>
    </None>
    <None Include="..\readme.md">
      <Filter>リソースファイル</Filter>
    </None>
  </ItemGroup>
  <ItemGroup>
    <Filter Include="ソースファイル">
      <UniqueIdentifier>{3ddf2203-7eaa-41df-b181-780717469394}</UniqueIdentifier>
    </Filter>
    <Filter Include="ヘッダーファイル">
      <UniqueIdentifier>{2800c432-2282-4637-91f9-00ae904ad013}</UniqueIdentifier>
    </Filter>
    <Filter Include="リソースファイル">
      <UniqueIdentifier>{85867e80-b528-4d57-b6dc-941319931d84}</UniqueIdentifier>
    </Filter>
    <Filter Include="ヘッダーファイル\FileSystem">
      <UniqueIdentifier>{41f25d8e-24ac-4f34-8d4b-da79a24f81ff}</UniqueIdentifier>
    </Filter>
    <Filter Include="ヘッダーファイル\FileSystem\Console">
      <UniqueIdentifier>{be7b5688-2202-4a59-bd40-1dcb702150a7}</UniqueIdentifier>
    </Filter>
    <Filter Include="ヘッダーファイル\FileSystem\File">
      <UniqueIdentifier>{7aae69fe-8163-4d2e-921a-ef19b0919169}</UniqueIdentifier>
    </Filter>
    <Filter Include="ヘッダーファイル\FileSystem\Process">
      <UniqueIdentifier>{f7a685d4-ade5-42d5-ad21-2cb2d2d12d63}</UniqueIdentifier>
    </Filter>
    <Filter Include="ヘッダーファイル\Window">
      <UniqueIdentifier>{94832c29-d783-44f8-89ab-153c4a68f792}</UniqueIdentifier>
    </Filter>
    <Filter Include="ヘッダーファイル\Window\Bitmap">
      <UniqueIdentifier>{163cb411-ac8f-4d51-bc57-7931f4592a08}</UniqueIdentifier>
    </Filter>
    <Filter Include="ヘッダーファイル\Window\Cursor">
      <UniqueIdentifier>{8f2f8db9-faa5-46e5-9477-1335b9958ef6}</UniqueIdentifier>
    </Filter>
    <Filter Include="ヘッダーファイル\Window\Icon">
      <UniqueIdentifier>{ecac5892-9de8-4c14-8127-a9964460feb2}</UniqueIdentifier>
    </Filter>
    <Filter Include="ヘッダーファイル\Window\Menu">
      <UniqueIdentifier>{7ee0816f-b64b-48bf-bd19-2cc9d523756d}</UniqueIdentifier>
    </Filter>
    <Filter Include="ヘッダーファイル\Window\Region">
      <UniqueIdentifier>{d2bd36eb-fa81-4e6d-a47a-5a60a447346e}</UniqueIdentifier>
    </Filter>
  </ItemGroup>
  <ItemGroup>
    <ClCompile Include="Source.cpp">
      <Filter>ソースファイル</Filter>
    </ClCompile>
  </ItemGroup>
</Project>